
Microsoft Visual Studio Solution File, Format Version 12.00
# Visual Studio 15
VisualStudioVersion = 15.0.28307.271
MinimumVisualStudioVersion = 10.0.40219.1
Project("{FAE04EC0-301F-11D3-BF4B-00C04F79EFBC}") = "SeCongratulator", "SeCongratulator.csproj", "{E5C7F436-FCE3-4ABC-B9CE-3DCEE87C98F7}"
EndProject
Global
	GlobalSection(SolutionConfigurationPlatforms) = preSolution
		Debug|Any CPU = Debug|Any CPU
		Release|Any CPU = Release|Any CPU
	EndGlobalSection
	GlobalSection(ProjectConfigurationPlatforms) = postSolution
		{E5C7F436-FCE3-4ABC-B9CE-3DCEE87C98F7}.Debug|Any CPU.ActiveCfg = Debug|Any CPU
		{E5C7F436-FCE3-4ABC-B9CE-3DCEE87C98F7}.Debug|Any CPU.Build.0 = Debug|Any CPU
		{E5C7F436-FCE3-4ABC-B9CE-3DCEE87C98F7}.Release|Any CPU.ActiveCfg = Release|Any CPU
		{E5C7F436-FCE3-4ABC-B9CE-3DCEE87C98F7}.Release|Any CPU.Build.0 = Release|Any CPU
	EndGlobalSection
	GlobalSection(SolutionProperties) = preSolution
		HideSolutionNode = FALSE
	EndGlobalSection
	GlobalSection(ExtensibilityGlobals) = postSolution
		SolutionGuid = {364DFA03-2F24-4A38-A489-E20601788308}
	EndGlobalSection
EndGlobal
